
Microsoft Visual Studio Solution File, Format Version 12.00
# Visual Studio Version 16
VisualStudioVersion = 16.0.30621.155
MinimumVisualStudioVersion = 10.0.40219.1
Project("{FAE04EC0-301F-11D3-BF4B-00C04F79EFBC}") = "IBlog.WebAPI", "..\IBlog.WebAPI\IBlog.WebAPI.csproj", "{10E6CE36-DD72-4503-994B-36F8DF2572EE}"
EndProject
Global
	GlobalSection(SolutionConfigurationPlatforms) = preSolution
		Debug|Any CPU = Debug|Any CPU
		Release|Any CPU = Release|Any CPU
	EndGlobalSection
	GlobalSection(ProjectConfigurationPlatforms) = postSolution
		{10E6CE36-DD72-4503-994B-36F8DF2572EE}.Debug|Any CPU.ActiveCfg = Debug|Any CPU
		{10E6CE36-DD72-4503-994B-36F8DF2572EE}.Debug|Any CPU.Build.0 = Debug|Any CPU
		{10E6CE36-DD72-4503-994B-36F8DF2572EE}.Release|Any CPU.ActiveCfg = Release|Any CPU
		{10E6CE36-DD72-4503-994B-36F8DF2572EE}.Release|Any CPU.Build.0 = Release|Any CPU
	EndGlobalSection
	GlobalSection(SolutionProperties) = preSolution
		HideSolutionNode = FALSE
	EndGlobalSection
	GlobalSection(ExtensibilityGlobals) = postSolution
		SolutionGuid = {E18C6C7D-6ECD-4D2E-A528-4203515BB81C}
	EndGlobalSection
EndGlobal
