
Microsoft Visual Studio Solution File, Format Version 12.00
# Visual Studio Version 16
VisualStudioVersion = 16.0.30621.155
MinimumVisualStudioVersion = 10.0.40219.1
Project("{9A19103F-16F7-4668-BE54-9A1E7A4F7556}") = "Medusa.WebAPI", "Medusa.WebAPI\Medusa.WebAPI.csproj", "{10E6CE36-DD72-4503-994B-36F8DF2572EE}"
EndProject
Project("{9A19103F-16F7-4668-BE54-9A1E7A4F7556}") = "Medusa.Entities", "Medusa.Entities\Medusa.Entities.csproj", "{2FC4AF2F-BE85-4490-AA27-4E738F16C295}"
EndProject
Project("{2150E333-8FDC-42A3-9474-1A3956D46DE8}") = "Solution Items", "Solution Items", "{7CF8CA59-EAEE-46D6-BF55-2AB6459DA7E1}"
	ProjectSection(SolutionItems) = preProject
		ReadMe.txt = ReadMe.txt
	EndProjectSection
EndProject
Project("{9A19103F-16F7-4668-BE54-9A1E7A4F7556}") = "Medusa.DataAccess", "Medusa.DataAccess\Medusa.DataAccess.csproj", "{491BBBF2-9945-4890-AE5D-37809AB67903}"
EndProject
Project("{9A19103F-16F7-4668-BE54-9A1E7A4F7556}") = "Medusa.WebUI", "Medusa.Web\Medusa.WebUI.csproj", "{EE3C412C-FD7F-4D72-9D92-9589A0BDD009}"
EndProject
Project("{9A19103F-16F7-4668-BE54-9A1E7A4F7556}") = "Medusa.Business", "Medusa.Business\Medusa.Business.csproj", "{5EEEFB92-98D2-45E8-9A7B-3E00D4E3A541}"
EndProject
Project("{FAE04EC0-301F-11D3-BF4B-00C04F79EFBC}") = "Medusa.DataTransferObject", "Medusa.DataTransferObject\Medusa.DataTransferObject.csproj", "{28CAEC10-7BD3-4162-970C-4988368A3EDD}"
EndProject
Global
	GlobalSection(SolutionConfigurationPlatforms) = preSolution
		Debug|Any CPU = Debug|Any CPU
		Release|Any CPU = Release|Any CPU
	EndGlobalSection
	GlobalSection(ProjectConfigurationPlatforms) = postSolution
		{10E6CE36-DD72-4503-994B-36F8DF2572EE}.Debug|Any CPU.ActiveCfg = Debug|Any CPU
		{10E6CE36-DD72-4503-994B-36F8DF2572EE}.Debug|Any CPU.Build.0 = Debug|Any CPU
		{10E6CE36-DD72-4503-994B-36F8DF2572EE}.Release|Any CPU.ActiveCfg = Release|Any CPU
		{10E6CE36-DD72-4503-994B-36F8DF2572EE}.Release|Any CPU.Build.0 = Release|Any CPU
		{2FC4AF2F-BE85-4490-AA27-4E738F16C295}.Debug|Any CPU.ActiveCfg = Debug|Any CPU
		{2FC4AF2F-BE85-4490-AA27-4E738F16C295}.Debug|Any CPU.Build.0 = Debug|Any CPU
		{2FC4AF2F-BE85-4490-AA27-4E738F16C295}.Release|Any CPU.ActiveCfg = Release|Any CPU
		{2FC4AF2F-BE85-4490-AA27-4E738F16C295}.Release|Any CPU.Build.0 = Release|Any CPU
		{491BBBF2-9945-4890-AE5D-37809AB67903}.Debug|Any CPU.ActiveCfg = Debug|Any CPU
		{491BBBF2-9945-4890-AE5D-37809AB67903}.Debug|Any CPU.Build.0 = Debug|Any CPU
		{491BBBF2-9945-4890-AE5D-37809AB67903}.Release|Any CPU.ActiveCfg = Release|Any CPU
		{491BBBF2-9945-4890-AE5D-37809AB67903}.Release|Any CPU.Build.0 = Release|Any CPU
		{EE3C412C-FD7F-4D72-9D92-9589A0BDD009}.Debug|Any CPU.ActiveCfg = Debug|Any CPU
		{EE3C412C-FD7F-4D72-9D92-9589A0BDD009}.Debug|Any CPU.Build.0 = Debug|Any CPU
		{EE3C412C-FD7F-4D72-9D92-9589A0BDD009}.Release|Any CPU.ActiveCfg = Release|Any CPU
		{EE3C412C-FD7F-4D72-9D92-9589A0BDD009}.Release|Any CPU.Build.0 = Release|Any CPU
		{5EEEFB92-98D2-45E8-9A7B-3E00D4E3A541}.Debug|Any CPU.ActiveCfg = Debug|Any CPU
		{5EEEFB92-98D2-45E8-9A7B-3E00D4E3A541}.Debug|Any CPU.Build.0 = Debug|Any CPU
		{5EEEFB92-98D2-45E8-9A7B-3E00D4E3A541}.Release|Any CPU.ActiveCfg = Release|Any CPU
		{5EEEFB92-98D2-45E8-9A7B-3E00D4E3A541}.Release|Any CPU.Build.0 = Release|Any CPU
		{28CAEC10-7BD3-4162-970C-4988368A3EDD}.Debug|Any CPU.ActiveCfg = Debug|Any CPU
		{28CAEC10-7BD3-4162-970C-4988368A3EDD}.Debug|Any CPU.Build.0 = Debug|Any CPU
		{28CAEC10-7BD3-4162-970C-4988368A3EDD}.Release|Any CPU.ActiveCfg = Release|Any CPU
		{28CAEC10-7BD3-4162-970C-4988368A3EDD}.Release|Any CPU.Build.0 = Release|Any CPU
	EndGlobalSection
	GlobalSection(SolutionProperties) = preSolution
		HideSolutionNode = FALSE
	EndGlobalSection
	GlobalSection(ExtensibilityGlobals) = postSolution
		SolutionGuid = {E18C6C7D-6ECD-4D2E-A528-4203515BB81C}
	EndGlobalSection
EndGlobal
